
Microsoft Visual Studio Solution File, Format Version 12.00
# Visual Studio Version 17
VisualStudioVersion = 17.14.36518.9
MinimumVisualStudioVersion = 10.0.40219.1
Project("{FAE04EC0-301F-11D3-BF4B-00C04F79EFBC}") = "DemoMarket.API", "DemoMarket.API\DemoMarket.API.csproj", "{084A4D7E-0AED-4593-B147-4CFCA4B92C26}"
EndProject
Project("{FAE04EC0-301F-11D3-BF4B-00C04F79EFBC}") = "DemoMarket.Logika", "DemoMarket.Logika\DemoMarket.Logika.csproj", "{7E4014A8-F210-49B3-853A-3745009FA663}"
EndProject
Global
	GlobalSection(SolutionConfigurationPlatforms) = preSolution
		Debug|Any CPU = Debug|Any CPU
		Release|Any CPU = Release|Any CPU
	EndGlobalSection
	GlobalSection(ProjectConfigurationPlatforms) = postSolution
		{084A4D7E-0AED-4593-B147-4CFCA4B92C26}.Debug|Any CPU.ActiveCfg = Debug|Any CPU
		{084A4D7E-0AED-4593-B147-4CFCA4B92C26}.Debug|Any CPU.Build.0 = Debug|Any CPU
		{084A4D7E-0AED-4593-B147-4CFCA4B92C26}.Release|Any CPU.ActiveCfg = Release|Any CPU
		{084A4D7E-0AED-4593-B147-4CFCA4B92C26}.Release|Any CPU.Build.0 = Release|Any CPU
		{7E4014A8-F210-49B3-853A-3745009FA663}.Debug|Any CPU.ActiveCfg = Debug|Any CPU
		{7E4014A8-F210-49B3-853A-3745009FA663}.Debug|Any CPU.Build.0 = Debug|Any CPU
		{7E4014A8-F210-49B3-853A-3745009FA663}.Release|Any CPU.ActiveCfg = Release|Any CPU
		{7E4014A8-F210-49B3-853A-3745009FA663}.Release|Any CPU.Build.0 = Release|Any CPU
	EndGlobalSection
	GlobalSection(SolutionProperties) = preSolution
		HideSolutionNode = FALSE
	EndGlobalSection
	GlobalSection(ExtensibilityGlobals) = postSolution
		SolutionGuid = {3C02C945-9E02-4E34-8C99-26B334A300F3}
	EndGlobalSection
EndGlobal
